
Microsoft Visual Studio Solution File, Format Version 12.00
# Visual Studio 14
VisualStudioVersion = 14.0.22823.1
MinimumVisualStudioVersion = 10.0.40219.1
Project("{FAE04EC0-301F-11D3-BF4B-00C04F79EFBC}") = "SeleniumSample", "SeleniumSample\SeleniumSample.csproj", "{777BD391-EA77-4EDA-B540-EA4849ED2FD4}"
EndProject
Global
	GlobalSection(SolutionConfigurationPlatforms) = preSolution
		Debug|Any CPU = Debug|Any CPU
		Release|Any CPU = Release|Any CPU
	EndGlobalSection
	GlobalSection(ProjectConfigurationPlatforms) = postSolution
		{777BD391-EA77-4EDA-B540-EA4849ED2FD4}.Debug|Any CPU.ActiveCfg = Debug|Any CPU
		{777BD391-EA77-4EDA-B540-EA4849ED2FD4}.Debug|Any CPU.Build.0 = Debug|Any CPU
		{777BD391-EA77-4EDA-B540-EA4849ED2FD4}.Release|Any CPU.ActiveCfg = Release|Any CPU
		{777BD391-EA77-4EDA-B540-EA4849ED2FD4}.Release|Any CPU.Build.0 = Release|Any CPU
	EndGlobalSection
	GlobalSection(SolutionProperties) = preSolution
		HideSolutionNode = FALSE
	EndGlobalSection
EndGlobal
